// !$*UTF8*$!
{
	archiveVersion = 1;
	classes = {
	};
	objectVersion = 56;
	objects = {

/* Begin PBXBuildFile section */
		367FAF942CC2C134006EF090 /* AppDelegate.swift in Sources */ = {isa = PBXBuildFile; fileRef = 367FAF932CC2C134006EF090 /* AppDelegate.swift */; };
		367FAF962CC2C134006EF090 /* SceneDelegate.swift in Sources */ = {isa = PBXBuildFile; fileRef = 367FAF952CC2C134006EF090 /* SceneDelegate.swift */; };
		367FAF9D2CC2C135006EF090 /* Assets.xcassets in Resources */ = {isa = PBXBuildFile; fileRef = 367FAF9C2CC2C135006EF090 /* Assets.xcassets */; };
		367FAFA02CC2C135006EF090 /* Base in Resources */ = {isa = PBXBuildFile; fileRef = 367FAF9F2CC2C135006EF090 /* Base */; };
		367FAFAB2CC2C135006EF090 /* ArtistsTechnicalTestTests.swift in Sources */ = {isa = PBXBuildFile; fileRef = 367FAFAA2CC2C135006EF090 /* ArtistsTechnicalTestTests.swift */; };
		367FAFB52CC2C135006EF090 /* ArtistsTechnicalTestUITests.swift in Sources */ = {isa = PBXBuildFile; fileRef = 367FAFB42CC2C135006EF090 /* ArtistsTechnicalTestUITests.swift */; };
		367FAFB72CC2C135006EF090 /* ArtistsTechnicalTestUITestsLaunchTests.swift in Sources */ = {isa = PBXBuildFile; fileRef = 367FAFB62CC2C135006EF090 /* ArtistsTechnicalTestUITestsLaunchTests.swift */; };
		367FAFCB2CC2C653006EF090 /* Service.swift in Sources */ = {isa = PBXBuildFile; fileRef = 367FAFCA2CC2C653006EF090 /* Service.swift */; };
		367FAFCD2CC2C93C006EF090 /* ServiceImplTests.swift in Sources */ = {isa = PBXBuildFile; fileRef = 367FAFCC2CC2C93C006EF090 /* ServiceImplTests.swift */; };
		367FAFCF2CC3DEC2006EF090 /* ServiceError.swift in Sources */ = {isa = PBXBuildFile; fileRef = 367FAFCE2CC3DEC2006EF090 /* ServiceError.swift */; };
		367FAFD12CC3DEE1006EF090 /* TargetType.swift in Sources */ = {isa = PBXBuildFile; fileRef = 367FAFD02CC3DEE1006EF090 /* TargetType.swift */; };
		367FAFD42CC3E036006EF090 /* ArtistDTO.swift in Sources */ = {isa = PBXBuildFile; fileRef = 367FAFD32CC3E036006EF090 /* ArtistDTO.swift */; };
		367FAFD62CC3E084006EF090 /* SearchArtistsResultDTO.swift in Sources */ = {isa = PBXBuildFile; fileRef = 367FAFD52CC3E084006EF090 /* SearchArtistsResultDTO.swift */; };
		367FAFD92CC3E0B8006EF090 /* ArtistRepository.swift in Sources */ = {isa = PBXBuildFile; fileRef = 367FAFD82CC3E0B8006EF090 /* ArtistRepository.swift */; };
		367FAFDC2CC3E0D1006EF090 /* Artist.swift in Sources */ = {isa = PBXBuildFile; fileRef = 367FAFDB2CC3E0D1006EF090 /* Artist.swift */; };
		367FAFE02CC3E173006EF090 /* ArtistRepositoryImpl.swift in Sources */ = {isa = PBXBuildFile; fileRef = 367FAFDF2CC3E173006EF090 /* ArtistRepositoryImpl.swift */; };
		367FAFE32CC3EAA6006EF090 /* ArtistTarget.swift in Sources */ = {isa = PBXBuildFile; fileRef = 367FAFE22CC3EAA6006EF090 /* ArtistTarget.swift */; };
		367FAFE62CC3ED8E006EF090 /* ArtistMapper.swift in Sources */ = {isa = PBXBuildFile; fileRef = 367FAFE52CC3ED8E006EF090 /* ArtistMapper.swift */; };
		367FAFEC2CC3EFCA006EF090 /* ArtistRepositoryImplTests.swift in Sources */ = {isa = PBXBuildFile; fileRef = 367FAFEB2CC3EFCA006EF090 /* ArtistRepositoryImplTests.swift */; };
		367FAFEF2CC3F039006EF090 /* MockURLProtocol.swift in Sources */ = {isa = PBXBuildFile; fileRef = 367FAFEE2CC3F039006EF090 /* MockURLProtocol.swift */; };
		367FAFF12CC3F0AD006EF090 /* MockTarget.swift in Sources */ = {isa = PBXBuildFile; fileRef = 367FAFF02CC3F0AD006EF090 /* MockTarget.swift */; };
		367FAFF32CC3F0EC006EF090 /* MockDecodableType.swift in Sources */ = {isa = PBXBuildFile; fileRef = 367FAFF22CC3F0EC006EF090 /* MockDecodableType.swift */; };
		367FAFF62CC3F428006EF090 /* AppError.swift in Sources */ = {isa = PBXBuildFile; fileRef = 367FAFF52CC3F428006EF090 /* AppError.swift */; };
		367FAFF82CC3F4D5006EF090 /* ErrorMapper.swift in Sources */ = {isa = PBXBuildFile; fileRef = 367FAFF72CC3F4D5006EF090 /* ErrorMapper.swift */; };
		367FAFFB2CC4EF4D006EF090 /* ArtistDataStore.swift in Sources */ = {isa = PBXBuildFile; fileRef = 367FAFFA2CC4EF4D006EF090 /* ArtistDataStore.swift */; };
		367FB0002CC4F0A7006EF090 /* ArtistDataStoreImplTests.swift in Sources */ = {isa = PBXBuildFile; fileRef = 367FAFFF2CC4F0A7006EF090 /* ArtistDataStoreImplTests.swift */; };
		367FB0022CC51F1C006EF090 /* SearchArtistsUseCase.swift in Sources */ = {isa = PBXBuildFile; fileRef = 367FB0012CC51F1C006EF090 /* SearchArtistsUseCase.swift */; };
		367FB0052CC51FB3006EF090 /* FetchSelectedArtistsUseCase.swift in Sources */ = {isa = PBXBuildFile; fileRef = 367FB0042CC51FB3006EF090 /* FetchSelectedArtistsUseCase.swift */; };
		367FB0072CC5201C006EF090 /* SelectArtistUseCase.swift in Sources */ = {isa = PBXBuildFile; fileRef = 367FB0062CC5201C006EF090 /* SelectArtistUseCase.swift */; };
		367FB0092CC52076006EF090 /* UnselectArtistUseCase.swift in Sources */ = {isa = PBXBuildFile; fileRef = 367FB0082CC52076006EF090 /* UnselectArtistUseCase.swift */; };
		367FB00D2CC52120006EF090 /* Coordinator.swift in Sources */ = {isa = PBXBuildFile; fileRef = 367FB00C2CC52120006EF090 /* Coordinator.swift */; };
		367FB00F2CC52159006EF090 /* AppCoordinator.swift in Sources */ = {isa = PBXBuildFile; fileRef = 367FB00E2CC52159006EF090 /* AppCoordinator.swift */; };
		367FB0112CC5221D006EF090 /* Factory.swift in Sources */ = {isa = PBXBuildFile; fileRef = 367FB0102CC5221D006EF090 /* Factory.swift */; };
		367FB0132CC5230A006EF090 /* SearchArtistsViewController.swift in Sources */ = {isa = PBXBuildFile; fileRef = 367FB0122CC5230A006EF090 /* SearchArtistsViewController.swift */; };
		367FB0182CC52370006EF090 /* SearchArtistsViewModel.swift in Sources */ = {isa = PBXBuildFile; fileRef = 367FB0172CC52370006EF090 /* SearchArtistsViewModel.swift */; };
		367FB01B2CC62ADD006EF090 /* ArtistUIModel.swift in Sources */ = {isa = PBXBuildFile; fileRef = 367FB01A2CC62ADD006EF090 /* ArtistUIModel.swift */; };
		367FB01E2CC62B16006EF090 /* ArtistUIMapper.swift in Sources */ = {isa = PBXBuildFile; fileRef = 367FB01D2CC62B16006EF090 /* ArtistUIMapper.swift */; };
		367FB0242CC63392006EF090 /* SearchArtistsTableView.swift in Sources */ = {isa = PBXBuildFile; fileRef = 367FB0232CC63392006EF090 /* SearchArtistsTableView.swift */; };
		367FB0272CC633DE006EF090 /* SearchArtistsTableViewCell.swift in Sources */ = {isa = PBXBuildFile; fileRef = 367FB0262CC633DE006EF090 /* SearchArtistsTableViewCell.swift */; };
		367FB0292CC633F4006EF090 /* SearchArtistsTableViewCellView.swift in Sources */ = {isa = PBXBuildFile; fileRef = 367FB0282CC633F4006EF090 /* SearchArtistsTableViewCellView.swift */; };
		367FB02C2CC63708006EF090 /* SearchArtistsTableViewDataSource.swift in Sources */ = {isa = PBXBuildFile; fileRef = 367FB02B2CC63708006EF090 /* SearchArtistsTableViewDataSource.swift */; };
		367FB02E2CC64B22006EF090 /* Colors.xcassets in Resources */ = {isa = PBXBuildFile; fileRef = 367FB02D2CC64B22006EF090 /* Colors.xcassets */; };
		367FB0302CC651C7006EF090 /* SearchArtistsView.swift in Sources */ = {isa = PBXBuildFile; fileRef = 367FB02F2CC651C7006EF090 /* SearchArtistsView.swift */; };
		367FB0342CC687B9006EF090 /* ResetSelectedArtistsUseCase.swift in Sources */ = {isa = PBXBuildFile; fileRef = 367FB0332CC687B9006EF090 /* ResetSelectedArtistsUseCase.swift */; };
/* End PBXBuildFile section */

/* Begin PBXContainerItemProxy section */
		367FAFA72CC2C135006EF090 /* PBXContainerItemProxy */ = {
			isa = PBXContainerItemProxy;
			containerPortal = 367FAF882CC2C134006EF090 /* Project object */;
			proxyType = 1;
			remoteGlobalIDString = 367FAF8F2CC2C134006EF090;
			remoteInfo = ArtistsTechnicalTest;
		};
		367FAFB12CC2C135006EF090 /* PBXContainerItemProxy */ = {
			isa = PBXContainerItemProxy;
			containerPortal = 367FAF882CC2C134006EF090 /* Project object */;
			proxyType = 1;
			remoteGlobalIDString = 367FAF8F2CC2C134006EF090;
			remoteInfo = ArtistsTechnicalTest;
		};
/* End PBXContainerItemProxy section */

/* Begin PBXFileReference section */
		367FAF902CC2C134006EF090 /* ArtistsTechnicalTest.app */ = {isa = PBXFileReference; explicitFileType = wrapper.application; includeInIndex = 0; path = ArtistsTechnicalTest.app; sourceTree = BUILT_PRODUCTS_DIR; };
		367FAF932CC2C134006EF090 /* AppDelegate.swift */ = {isa = PBXFileReference; lastKnownFileType = sourcecode.swift; path = AppDelegate.swift; sourceTree = "<group>"; };
		367FAF952CC2C134006EF090 /* SceneDelegate.swift */ = {isa = PBXFileReference; lastKnownFileType = sourcecode.swift; path = SceneDelegate.swift; sourceTree = "<group>"; };
		367FAF9C2CC2C135006EF090 /* Assets.xcassets */ = {isa = PBXFileReference; lastKnownFileType = folder.assetcatalog; path = Assets.xcassets; sourceTree = "<group>"; };
		367FAF9F2CC2C135006EF090 /* Base */ = {isa = PBXFileReference; lastKnownFileType = file.storyboard; name = Base; path = Base.lproj/LaunchScreen.storyboard; sourceTree = "<group>"; };
		367FAFA12CC2C135006EF090 /* Info.plist */ = {isa = PBXFileReference; lastKnownFileType = text.plist.xml; path = Info.plist; sourceTree = "<group>"; };
		367FAFA62CC2C135006EF090 /* ArtistsTechnicalTestTests.xctest */ = {isa = PBXFileReference; explicitFileType = wrapper.cfbundle; includeInIndex = 0; path = ArtistsTechnicalTestTests.xctest; sourceTree = BUILT_PRODUCTS_DIR; };
		367FAFAA2CC2C135006EF090 /* ArtistsTechnicalTestTests.swift */ = {isa = PBXFileReference; lastKnownFileType = sourcecode.swift; path = ArtistsTechnicalTestTests.swift; sourceTree = "<group>"; };
		367FAFB02CC2C135006EF090 /* ArtistsTechnicalTestUITests.xctest */ = {isa = PBXFileReference; explicitFileType = wrapper.cfbundle; includeInIndex = 0; path = ArtistsTechnicalTestUITests.xctest; sourceTree = BUILT_PRODUCTS_DIR; };
		367FAFB42CC2C135006EF090 /* ArtistsTechnicalTestUITests.swift */ = {isa = PBXFileReference; lastKnownFileType = sourcecode.swift; path = ArtistsTechnicalTestUITests.swift; sourceTree = "<group>"; };
		367FAFB62CC2C135006EF090 /* ArtistsTechnicalTestUITestsLaunchTests.swift */ = {isa = PBXFileReference; lastKnownFileType = sourcecode.swift; path = ArtistsTechnicalTestUITestsLaunchTests.swift; sourceTree = "<group>"; };
		367FAFCA2CC2C653006EF090 /* Service.swift */ = {isa = PBXFileReference; lastKnownFileType = sourcecode.swift; path = Service.swift; sourceTree = "<group>"; };
		367FAFCC2CC2C93C006EF090 /* ServiceImplTests.swift */ = {isa = PBXFileReference; lastKnownFileType = sourcecode.swift; path = ServiceImplTests.swift; sourceTree = "<group>"; };
		367FAFCE2CC3DEC2006EF090 /* ServiceError.swift */ = {isa = PBXFileReference; lastKnownFileType = sourcecode.swift; path = ServiceError.swift; sourceTree = "<group>"; };
		367FAFD02CC3DEE1006EF090 /* TargetType.swift */ = {isa = PBXFileReference; lastKnownFileType = sourcecode.swift; path = TargetType.swift; sourceTree = "<group>"; };
		367FAFD32CC3E036006EF090 /* ArtistDTO.swift */ = {isa = PBXFileReference; lastKnownFileType = sourcecode.swift; path = ArtistDTO.swift; sourceTree = "<group>"; };
		367FAFD52CC3E084006EF090 /* SearchArtistsResultDTO.swift */ = {isa = PBXFileReference; lastKnownFileType = sourcecode.swift; path = SearchArtistsResultDTO.swift; sourceTree = "<group>"; };
		367FAFD82CC3E0B8006EF090 /* ArtistRepository.swift */ = {isa = PBXFileReference; lastKnownFileType = sourcecode.swift; path = ArtistRepository.swift; sourceTree = "<group>"; };
		367FAFDB2CC3E0D1006EF090 /* Artist.swift */ = {isa = PBXFileReference; lastKnownFileType = sourcecode.swift; path = Artist.swift; sourceTree = "<group>"; };
		367FAFDF2CC3E173006EF090 /* ArtistRepositoryImpl.swift */ = {isa = PBXFileReference; lastKnownFileType = sourcecode.swift; path = ArtistRepositoryImpl.swift; sourceTree = "<group>"; };
		367FAFE22CC3EAA6006EF090 /* ArtistTarget.swift */ = {isa = PBXFileReference; lastKnownFileType = sourcecode.swift; path = ArtistTarget.swift; sourceTree = "<group>"; };
		367FAFE52CC3ED8E006EF090 /* ArtistMapper.swift */ = {isa = PBXFileReference; lastKnownFileType = sourcecode.swift; path = ArtistMapper.swift; sourceTree = "<group>"; };
		367FAFEB2CC3EFCA006EF090 /* ArtistRepositoryImplTests.swift */ = {isa = PBXFileReference; lastKnownFileType = sourcecode.swift; path = ArtistRepositoryImplTests.swift; sourceTree = "<group>"; };
		367FAFEE2CC3F039006EF090 /* MockURLProtocol.swift */ = {isa = PBXFileReference; lastKnownFileType = sourcecode.swift; path = MockURLProtocol.swift; sourceTree = "<group>"; };
		367FAFF02CC3F0AD006EF090 /* MockTarget.swift */ = {isa = PBXFileReference; lastKnownFileType = sourcecode.swift; path = MockTarget.swift; sourceTree = "<group>"; };
		367FAFF22CC3F0EC006EF090 /* MockDecodableType.swift */ = {isa = PBXFileReference; lastKnownFileType = sourcecode.swift; path = MockDecodableType.swift; sourceTree = "<group>"; };
		367FAFF52CC3F428006EF090 /* AppError.swift */ = {isa = PBXFileReference; lastKnownFileType = sourcecode.swift; path = AppError.swift; sourceTree = "<group>"; };
		367FAFF72CC3F4D5006EF090 /* ErrorMapper.swift */ = {isa = PBXFileReference; lastKnownFileType = sourcecode.swift; path = ErrorMapper.swift; sourceTree = "<group>"; };
		367FAFFA2CC4EF4D006EF090 /* ArtistDataStore.swift */ = {isa = PBXFileReference; lastKnownFileType = sourcecode.swift; path = ArtistDataStore.swift; sourceTree = "<group>"; };
		367FAFFF2CC4F0A7006EF090 /* ArtistDataStoreImplTests.swift */ = {isa = PBXFileReference; lastKnownFileType = sourcecode.swift; path = ArtistDataStoreImplTests.swift; sourceTree = "<group>"; };
		367FB0012CC51F1C006EF090 /* SearchArtistsUseCase.swift */ = {isa = PBXFileReference; lastKnownFileType = sourcecode.swift; path = SearchArtistsUseCase.swift; sourceTree = "<group>"; };
		367FB0042CC51FB3006EF090 /* FetchSelectedArtistsUseCase.swift */ = {isa = PBXFileReference; lastKnownFileType = sourcecode.swift; path = FetchSelectedArtistsUseCase.swift; sourceTree = "<group>"; };
		367FB0062CC5201C006EF090 /* SelectArtistUseCase.swift */ = {isa = PBXFileReference; lastKnownFileType = sourcecode.swift; path = SelectArtistUseCase.swift; sourceTree = "<group>"; };
		367FB0082CC52076006EF090 /* UnselectArtistUseCase.swift */ = {isa = PBXFileReference; lastKnownFileType = sourcecode.swift; path = UnselectArtistUseCase.swift; sourceTree = "<group>"; };
		367FB00C2CC52120006EF090 /* Coordinator.swift */ = {isa = PBXFileReference; lastKnownFileType = sourcecode.swift; path = Coordinator.swift; sourceTree = "<group>"; };
		367FB00E2CC52159006EF090 /* AppCoordinator.swift */ = {isa = PBXFileReference; lastKnownFileType = sourcecode.swift; path = AppCoordinator.swift; sourceTree = "<group>"; };
		367FB0102CC5221D006EF090 /* Factory.swift */ = {isa = PBXFileReference; lastKnownFileType = sourcecode.swift; path = Factory.swift; sourceTree = "<group>"; };
		367FB0122CC5230A006EF090 /* SearchArtistsViewController.swift */ = {isa = PBXFileReference; lastKnownFileType = sourcecode.swift; path = SearchArtistsViewController.swift; sourceTree = "<group>"; };
		367FB0172CC52370006EF090 /* SearchArtistsViewModel.swift */ = {isa = PBXFileReference; lastKnownFileType = sourcecode.swift; path = SearchArtistsViewModel.swift; sourceTree = "<group>"; };
		367FB01A2CC62ADD006EF090 /* ArtistUIModel.swift */ = {isa = PBXFileReference; lastKnownFileType = sourcecode.swift; path = ArtistUIModel.swift; sourceTree = "<group>"; };
		367FB01D2CC62B16006EF090 /* ArtistUIMapper.swift */ = {isa = PBXFileReference; lastKnownFileType = sourcecode.swift; path = ArtistUIMapper.swift; sourceTree = "<group>"; };
		367FB0232CC63392006EF090 /* SearchArtistsTableView.swift */ = {isa = PBXFileReference; lastKnownFileType = sourcecode.swift; path = SearchArtistsTableView.swift; sourceTree = "<group>"; };
		367FB0262CC633DE006EF090 /* SearchArtistsTableViewCell.swift */ = {isa = PBXFileReference; lastKnownFileType = sourcecode.swift; path = SearchArtistsTableViewCell.swift; sourceTree = "<group>"; };
		367FB0282CC633F4006EF090 /* SearchArtistsTableViewCellView.swift */ = {isa = PBXFileReference; lastKnownFileType = sourcecode.swift; path = SearchArtistsTableViewCellView.swift; sourceTree = "<group>"; };
		367FB02B2CC63708006EF090 /* SearchArtistsTableViewDataSource.swift */ = {isa = PBXFileReference; lastKnownFileType = sourcecode.swift; path = SearchArtistsTableViewDataSource.swift; sourceTree = "<group>"; };
		367FB02D2CC64B22006EF090 /* Colors.xcassets */ = {isa = PBXFileReference; lastKnownFileType = folder.assetcatalog; path = Colors.xcassets; sourceTree = "<group>"; };
		367FB02F2CC651C7006EF090 /* SearchArtistsView.swift */ = {isa = PBXFileReference; lastKnownFileType = sourcecode.swift; path = SearchArtistsView.swift; sourceTree = "<group>"; };
		367FB0332CC687B9006EF090 /* ResetSelectedArtistsUseCase.swift */ = {isa = PBXFileReference; lastKnownFileType = sourcecode.swift; path = ResetSelectedArtistsUseCase.swift; sourceTree = "<group>"; };
/* End PBXFileReference section */

/* Begin PBXFrameworksBuildPhase section */
		367FAF8D2CC2C134006EF090 /* Frameworks */ = {
			isa = PBXFrameworksBuildPhase;
			buildActionMask = 2147483647;
			files = (
			);
			runOnlyForDeploymentPostprocessing = 0;
		};
		367FAFA32CC2C135006EF090 /* Frameworks */ = {
			isa = PBXFrameworksBuildPhase;
			buildActionMask = 2147483647;
			files = (
			);
			runOnlyForDeploymentPostprocessing = 0;
		};
		367FAFAD2CC2C135006EF090 /* Frameworks */ = {
			isa = PBXFrameworksBuildPhase;
			buildActionMask = 2147483647;
			files = (
			);
			runOnlyForDeploymentPostprocessing = 0;
		};
/* End PBXFrameworksBuildPhase section */

/* Begin PBXGroup section */
		367FAF872CC2C134006EF090 = {
			isa = PBXGroup;
			children = (
				367FAF922CC2C134006EF090 /* ArtistsTechnicalTest */,
				367FAFA92CC2C135006EF090 /* ArtistsTechnicalTestTests */,
				367FAFB32CC2C135006EF090 /* ArtistsTechnicalTestUITests */,
				367FAF912CC2C134006EF090 /* Products */,
			);
			sourceTree = "<group>";
		};
		367FAF912CC2C134006EF090 /* Products */ = {
			isa = PBXGroup;
			children = (
				367FAF902CC2C134006EF090 /* ArtistsTechnicalTest.app */,
				367FAFA62CC2C135006EF090 /* ArtistsTechnicalTestTests.xctest */,
				367FAFB02CC2C135006EF090 /* ArtistsTechnicalTestUITests.xctest */,
			);
			name = Products;
			sourceTree = "<group>";
		};
		367FAF922CC2C134006EF090 /* ArtistsTechnicalTest */ = {
			isa = PBXGroup;
			children = (
				367FAFA12CC2C135006EF090 /* Info.plist */,
				367FB00B2CC52108006EF090 /* Resources */,
				367FAFF42CC3F408006EF090 /* Common */,
				367FAFC92CC2C545006EF090 /* Network */,
				367FAFC82CC2C522006EF090 /* Delegates */,
				367FAFC32CC2C4E5006EF090 /* Features */,
			);
			path = ArtistsTechnicalTest;
			sourceTree = "<group>";
		};
		367FAFA92CC2C135006EF090 /* ArtistsTechnicalTestTests */ = {
			isa = PBXGroup;
			children = (
				367FAFED2CC3F024006EF090 /* Mocks */,
				367FAFE72CC3EF8A006EF090 /* Features */,
				367FAFDD2CC3E112006EF090 /* Network */,
				367FAFAA2CC2C135006EF090 /* ArtistsTechnicalTestTests.swift */,
			);
			path = ArtistsTechnicalTestTests;
			sourceTree = "<group>";
		};
		367FAFB32CC2C135006EF090 /* ArtistsTechnicalTestUITests */ = {
			isa = PBXGroup;
			children = (
				367FAFB42CC2C135006EF090 /* ArtistsTechnicalTestUITests.swift */,
				367FAFB62CC2C135006EF090 /* ArtistsTechnicalTestUITestsLaunchTests.swift */,
			);
			path = ArtistsTechnicalTestUITests;
			sourceTree = "<group>";
		};
		367FAFC32CC2C4E5006EF090 /* Features */ = {
			isa = PBXGroup;
			children = (
				367FAFC42CC2C4E9006EF090 /* Search */,
			);
			path = Features;
			sourceTree = "<group>";
		};
		367FAFC42CC2C4E9006EF090 /* Search */ = {
			isa = PBXGroup;
			children = (
				367FAFC72CC2C4FF006EF090 /* Presentation */,
				367FAFC62CC2C4F8006EF090 /* Domain */,
				367FAFC52CC2C4EE006EF090 /* Data */,
			);
			path = Search;
			sourceTree = "<group>";
		};
		367FAFC52CC2C4EE006EF090 /* Data */ = {
			isa = PBXGroup;
			children = (
				367FAFF92CC4EF3A006EF090 /* DataStore */,
				367FAFE42CC3ED83006EF090 /* Mapper */,
				367FAFE12CC3EA95006EF090 /* Target */,
				367FAFDE2CC3E12A006EF090 /* Repository */,
				367FAFD22CC3DF6C006EF090 /* DTOs */,
			);
			path = Data;
			sourceTree = "<group>";
		};
		367FAFC62CC2C4F8006EF090 /* Domain */ = {
			isa = PBXGroup;
			children = (
				367FB0032CC51F78006EF090 /* UseCases */,
				367FAFDA2CC3E0C5006EF090 /* Model */,
				367FAFD72CC3E0A3006EF090 /* Repository */,
			);
			path = Domain;
			sourceTree = "<group>";
		};
		367FAFC72CC2C4FF006EF090 /* Presentation */ = {
			isa = PBXGroup;
			children = (
				367FB01C2CC62B05006EF090 /* Mapper */,
				367FB0192CC62AC2006EF090 /* Model */,
				367FB0162CC52355006EF090 /* ViewController */,
				367FB0152CC5234F006EF090 /* ViewModel */,
				367FB0142CC5234B006EF090 /* Views */,
			);
			path = Presentation;
			sourceTree = "<group>";
		};
		367FAFC82CC2C522006EF090 /* Delegates */ = {
			isa = PBXGroup;
			children = (
				367FAF932CC2C134006EF090 /* AppDelegate.swift */,
				367FAF952CC2C134006EF090 /* SceneDelegate.swift */,
			);
			path = Delegates;
			sourceTree = "<group>";
		};
		367FAFC92CC2C545006EF090 /* Network */ = {
			isa = PBXGroup;
			children = (
				367FAFCA2CC2C653006EF090 /* Service.swift */,
				367FAFCE2CC3DEC2006EF090 /* ServiceError.swift */,
				367FAFD02CC3DEE1006EF090 /* TargetType.swift */,
			);
			path = Network;
			sourceTree = "<group>";
		};
		367FAFD22CC3DF6C006EF090 /* DTOs */ = {
			isa = PBXGroup;
			children = (
				367FAFD32CC3E036006EF090 /* ArtistDTO.swift */,
				367FAFD52CC3E084006EF090 /* SearchArtistsResultDTO.swift */,
			);
			path = DTOs;
			sourceTree = "<group>";
		};
		367FAFD72CC3E0A3006EF090 /* Repository */ = {
			isa = PBXGroup;
			children = (
				367FAFD82CC3E0B8006EF090 /* ArtistRepository.swift */,
			);
			path = Repository;
			sourceTree = "<group>";
		};
		367FAFDA2CC3E0C5006EF090 /* Model */ = {
			isa = PBXGroup;
			children = (
				367FAFDB2CC3E0D1006EF090 /* Artist.swift */,
			);
			path = Model;
			sourceTree = "<group>";
		};
		367FAFDD2CC3E112006EF090 /* Network */ = {
			isa = PBXGroup;
			children = (
				367FAFCC2CC2C93C006EF090 /* ServiceImplTests.swift */,
			);
			path = Network;
			sourceTree = "<group>";
		};
		367FAFDE2CC3E12A006EF090 /* Repository */ = {
			isa = PBXGroup;
			children = (
				367FAFDF2CC3E173006EF090 /* ArtistRepositoryImpl.swift */,
			);
			path = Repository;
			sourceTree = "<group>";
		};
		367FAFE12CC3EA95006EF090 /* Target */ = {
			isa = PBXGroup;
			children = (
				367FAFE22CC3EAA6006EF090 /* ArtistTarget.swift */,
			);
			path = Target;
			sourceTree = "<group>";
		};
		367FAFE42CC3ED83006EF090 /* Mapper */ = {
			isa = PBXGroup;
			children = (
				367FAFE52CC3ED8E006EF090 /* ArtistMapper.swift */,
			);
			path = Mapper;
			sourceTree = "<group>";
		};
		367FAFE72CC3EF8A006EF090 /* Features */ = {
			isa = PBXGroup;
			children = (
				367FAFE82CC3EF8F006EF090 /* Search */,
			);
			path = Features;
			sourceTree = "<group>";
		};
		367FAFE82CC3EF8F006EF090 /* Search */ = {
			isa = PBXGroup;
			children = (
				367FAFE92CC3EF97006EF090 /* Data */,
			);
			path = Search;
			sourceTree = "<group>";
		};
		367FAFE92CC3EF97006EF090 /* Data */ = {
			isa = PBXGroup;
			children = (
				367FAFFC2CC4F077006EF090 /* DataStore */,
				367FAFEA2CC3EF9B006EF090 /* Repository */,
			);
			path = Data;
			sourceTree = "<group>";
		};
		367FAFEA2CC3EF9B006EF090 /* Repository */ = {
			isa = PBXGroup;
			children = (
				367FAFEB2CC3EFCA006EF090 /* ArtistRepositoryImplTests.swift */,
			);
			path = Repository;
			sourceTree = "<group>";
		};
		367FAFED2CC3F024006EF090 /* Mocks */ = {
			isa = PBXGroup;
			children = (
				367FAFEE2CC3F039006EF090 /* MockURLProtocol.swift */,
				367FAFF02CC3F0AD006EF090 /* MockTarget.swift */,
				367FAFF22CC3F0EC006EF090 /* MockDecodableType.swift */,
			);
			path = Mocks;
			sourceTree = "<group>";
		};
		367FAFF42CC3F408006EF090 /* Common */ = {
			isa = PBXGroup;
			children = (
				367FB00A2CC520F9006EF090 /* Coordinators */,
				367FAFF52CC3F428006EF090 /* AppError.swift */,
				367FAFF72CC3F4D5006EF090 /* ErrorMapper.swift */,
				367FB0102CC5221D006EF090 /* Factory.swift */,
			);
			path = Common;
			sourceTree = "<group>";
		};
		367FAFF92CC4EF3A006EF090 /* DataStore */ = {
			isa = PBXGroup;
			children = (
				367FAFFA2CC4EF4D006EF090 /* ArtistDataStore.swift */,
			);
			path = DataStore;
			sourceTree = "<group>";
		};
		367FAFFC2CC4F077006EF090 /* DataStore */ = {
			isa = PBXGroup;
			children = (
				367FAFFF2CC4F0A7006EF090 /* ArtistDataStoreImplTests.swift */,
			);
			path = DataStore;
			sourceTree = "<group>";
		};
		367FB0032CC51F78006EF090 /* UseCases */ = {
			isa = PBXGroup;
			children = (
				367FB0012CC51F1C006EF090 /* SearchArtistsUseCase.swift */,
				367FB0042CC51FB3006EF090 /* FetchSelectedArtistsUseCase.swift */,
				367FB0062CC5201C006EF090 /* SelectArtistUseCase.swift */,
				367FB0082CC52076006EF090 /* UnselectArtistUseCase.swift */,
				367FB0332CC687B9006EF090 /* ResetSelectedArtistsUseCase.swift */,
			);
			path = UseCases;
			sourceTree = "<group>";
		};
		367FB00A2CC520F9006EF090 /* Coordinators */ = {
			isa = PBXGroup;
			children = (
				367FB00C2CC52120006EF090 /* Coordinator.swift */,
				367FB00E2CC52159006EF090 /* AppCoordinator.swift */,
			);
			path = Coordinators;
			sourceTree = "<group>";
		};
		367FB00B2CC52108006EF090 /* Resources */ = {
			isa = PBXGroup;
			children = (
				367FAF9C2CC2C135006EF090 /* Assets.xcassets */,
				367FB02D2CC64B22006EF090 /* Colors.xcassets */,
				367FAF9E2CC2C135006EF090 /* LaunchScreen.storyboard */,
			);
			path = Resources;
			sourceTree = "<group>";
		};
		367FB0142CC5234B006EF090 /* Views */ = {
			isa = PBXGroup;
			children = (
				367FB0222CC63379006EF090 /* TableView */,
				367FB02F2CC651C7006EF090 /* SearchArtistsView.swift */,
			);
			path = Views;
			sourceTree = "<group>";
		};
		367FB0152CC5234F006EF090 /* ViewModel */ = {
			isa = PBXGroup;
			children = (
				367FB0172CC52370006EF090 /* SearchArtistsViewModel.swift */,
			);
			path = ViewModel;
			sourceTree = "<group>";
		};
		367FB0162CC52355006EF090 /* ViewController */ = {
			isa = PBXGroup;
			children = (
				367FB0122CC5230A006EF090 /* SearchArtistsViewController.swift */,
			);
			path = ViewController;
			sourceTree = "<group>";
		};
		367FB0192CC62AC2006EF090 /* Model */ = {
			isa = PBXGroup;
			children = (
				367FB01A2CC62ADD006EF090 /* ArtistUIModel.swift */,
			);
			path = Model;
			sourceTree = "<group>";
		};
		367FB01C2CC62B05006EF090 /* Mapper */ = {
			isa = PBXGroup;
			children = (
				367FB01D2CC62B16006EF090 /* ArtistUIMapper.swift */,
			);
			path = Mapper;
			sourceTree = "<group>";
		};
		367FB0222CC63379006EF090 /* TableView */ = {
			isa = PBXGroup;
			children = (
				367FB02A2CC636F8006EF090 /* DataSource */,
				367FB0252CC633CA006EF090 /* Cell */,
				367FB0232CC63392006EF090 /* SearchArtistsTableView.swift */,
			);
			path = TableView;
			sourceTree = "<group>";
		};
		367FB0252CC633CA006EF090 /* Cell */ = {
			isa = PBXGroup;
			children = (
				367FB0262CC633DE006EF090 /* SearchArtistsTableViewCell.swift */,
				367FB0282CC633F4006EF090 /* SearchArtistsTableViewCellView.swift */,
			);
			path = Cell;
			sourceTree = "<group>";
		};
		367FB02A2CC636F8006EF090 /* DataSource */ = {
			isa = PBXGroup;
			children = (
				367FB02B2CC63708006EF090 /* SearchArtistsTableViewDataSource.swift */,
			);
			path = DataSource;
			sourceTree = "<group>";
		};
/* End PBXGroup section */

/* Begin PBXNativeTarget section */
		367FAF8F2CC2C134006EF090 /* ArtistsTechnicalTest */ = {
			isa = PBXNativeTarget;
			buildConfigurationList = 367FAFBA2CC2C135006EF090 /* Build configuration list for PBXNativeTarget "ArtistsTechnicalTest" */;
			buildPhases = (
				367FAF8C2CC2C134006EF090 /* Sources */,
				367FAF8D2CC2C134006EF090 /* Frameworks */,
				367FAF8E2CC2C134006EF090 /* Resources */,
			);
			buildRules = (
			);
			dependencies = (
			);
			name = ArtistsTechnicalTest;
			productName = ArtistsTechnicalTest;
			productReference = 367FAF902CC2C134006EF090 /* ArtistsTechnicalTest.app */;
			productType = "com.apple.product-type.application";
		};
		367FAFA52CC2C135006EF090 /* ArtistsTechnicalTestTests */ = {
			isa = PBXNativeTarget;
			buildConfigurationList = 367FAFBD2CC2C135006EF090 /* Build configuration list for PBXNativeTarget "ArtistsTechnicalTestTests" */;
			buildPhases = (
				367FAFA22CC2C135006EF090 /* Sources */,
				367FAFA32CC2C135006EF090 /* Frameworks */,
				367FAFA42CC2C135006EF090 /* Resources */,
			);
			buildRules = (
			);
			dependencies = (
				367FAFA82CC2C135006EF090 /* PBXTargetDependency */,
			);
			name = ArtistsTechnicalTestTests;
			productName = ArtistsTechnicalTestTests;
			productReference = 367FAFA62CC2C135006EF090 /* ArtistsTechnicalTestTests.xctest */;
			productType = "com.apple.product-type.bundle.unit-test";
		};
		367FAFAF2CC2C135006EF090 /* ArtistsTechnicalTestUITests */ = {
			isa = PBXNativeTarget;
			buildConfigurationList = 367FAFC02CC2C135006EF090 /* Build configuration list for PBXNativeTarget "ArtistsTechnicalTestUITests" */;
			buildPhases = (
				367FAFAC2CC2C135006EF090 /* Sources */,
				367FAFAD2CC2C135006EF090 /* Frameworks */,
				367FAFAE2CC2C135006EF090 /* Resources */,
			);
			buildRules = (
			);
			dependencies = (
				367FAFB22CC2C135006EF090 /* PBXTargetDependency */,
			);
			name = ArtistsTechnicalTestUITests;
			productName = ArtistsTechnicalTestUITests;
			productReference = 367FAFB02CC2C135006EF090 /* ArtistsTechnicalTestUITests.xctest */;
			productType = "com.apple.product-type.bundle.ui-testing";
		};
/* End PBXNativeTarget section */

/* Begin PBXProject section */
		367FAF882CC2C134006EF090 /* Project object */ = {
			isa = PBXProject;
			attributes = {
				BuildIndependentTargetsInParallel = 1;
				LastSwiftUpdateCheck = 1540;
				LastUpgradeCheck = 1540;
				TargetAttributes = {
					367FAF8F2CC2C134006EF090 = {
						CreatedOnToolsVersion = 15.4;
					};
					367FAFA52CC2C135006EF090 = {
						CreatedOnToolsVersion = 15.4;
						TestTargetID = 367FAF8F2CC2C134006EF090;
					};
					367FAFAF2CC2C135006EF090 = {
						CreatedOnToolsVersion = 15.4;
						TestTargetID = 367FAF8F2CC2C134006EF090;
					};
				};
			};
			buildConfigurationList = 367FAF8B2CC2C134006EF090 /* Build configuration list for PBXProject "ArtistsTechnicalTest" */;
			compatibilityVersion = "Xcode 14.0";
			developmentRegion = en;
			hasScannedForEncodings = 0;
			knownRegions = (
				en,
				Base,
			);
			mainGroup = 367FAF872CC2C134006EF090;
			productRefGroup = 367FAF912CC2C134006EF090 /* Products */;
			projectDirPath = "";
			projectRoot = "";
			targets = (
				367FAF8F2CC2C134006EF090 /* ArtistsTechnicalTest */,
				367FAFA52CC2C135006EF090 /* ArtistsTechnicalTestTests */,
				367FAFAF2CC2C135006EF090 /* ArtistsTechnicalTestUITests */,
			);
		};
/* End PBXProject section */

/* Begin PBXResourcesBuildPhase section */
		367FAF8E2CC2C134006EF090 /* Resources */ = {
			isa = PBXResourcesBuildPhase;
			buildActionMask = 2147483647;
			files = (
				367FB02E2CC64B22006EF090 /* Colors.xcassets in Resources */,
				367FAF9D2CC2C135006EF090 /* Assets.xcassets in Resources */,
				367FAFA02CC2C135006EF090 /* Base in Resources */,
			);
			runOnlyForDeploymentPostprocessing = 0;
		};
		367FAFA42CC2C135006EF090 /* Resources */ = {
			isa = PBXResourcesBuildPhase;
			buildActionMask = 2147483647;
			files = (
			);
			runOnlyForDeploymentPostprocessing = 0;
		};
		367FAFAE2CC2C135006EF090 /* Resources */ = {
			isa = PBXResourcesBuildPhase;
			buildActionMask = 2147483647;
			files = (
			);
			runOnlyForDeploymentPostprocessing = 0;
		};
/* End PBXResourcesBuildPhase section */

/* Begin PBXSourcesBuildPhase section */
		367FAF8C2CC2C134006EF090 /* Sources */ = {
			isa = PBXSourcesBuildPhase;
			buildActionMask = 2147483647;
			files = (
				367FAFD92CC3E0B8006EF090 /* ArtistRepository.swift in Sources */,
				367FAFCF2CC3DEC2006EF090 /* ServiceError.swift in Sources */,
				367FB0112CC5221D006EF090 /* Factory.swift in Sources */,
				367FAFE02CC3E173006EF090 /* ArtistRepositoryImpl.swift in Sources */,
				367FAFE32CC3EAA6006EF090 /* ArtistTarget.swift in Sources */,
				367FB01E2CC62B16006EF090 /* ArtistUIMapper.swift in Sources */,
				367FAFF62CC3F428006EF090 /* AppError.swift in Sources */,
				367FB02C2CC63708006EF090 /* SearchArtistsTableViewDataSource.swift in Sources */,
				367FAF942CC2C134006EF090 /* AppDelegate.swift in Sources */,
				367FB00F2CC52159006EF090 /* AppCoordinator.swift in Sources */,
				367FAFDC2CC3E0D1006EF090 /* Artist.swift in Sources */,
				367FAFF82CC3F4D5006EF090 /* ErrorMapper.swift in Sources */,
				367FAFD62CC3E084006EF090 /* SearchArtistsResultDTO.swift in Sources */,
				367FB0292CC633F4006EF090 /* SearchArtistsTableViewCellView.swift in Sources */,
				367FB0272CC633DE006EF090 /* SearchArtistsTableViewCell.swift in Sources */,
				367FB0242CC63392006EF090 /* SearchArtistsTableView.swift in Sources */,
				367FB0182CC52370006EF090 /* SearchArtistsViewModel.swift in Sources */,
				367FB0342CC687B9006EF090 /* ResetSelectedArtistsUseCase.swift in Sources */,
				367FB0302CC651C7006EF090 /* SearchArtistsView.swift in Sources */,
				367FAF962CC2C134006EF090 /* SceneDelegate.swift in Sources */,
				367FB0052CC51FB3006EF090 /* FetchSelectedArtistsUseCase.swift in Sources */,
				367FB01B2CC62ADD006EF090 /* ArtistUIModel.swift in Sources */,
				367FB0092CC52076006EF090 /* UnselectArtistUseCase.swift in Sources */,
				367FB00D2CC52120006EF090 /* Coordinator.swift in Sources */,
				367FAFCB2CC2C653006EF090 /* Service.swift in Sources */,
				367FAFE62CC3ED8E006EF090 /* ArtistMapper.swift in Sources */,
				367FB0132CC5230A006EF090 /* SearchArtistsViewController.swift in Sources */,
				367FAFD42CC3E036006EF090 /* ArtistDTO.swift in Sources */,
				367FB0072CC5201C006EF090 /* SelectArtistUseCase.swift in Sources */,
				367FAFD12CC3DEE1006EF090 /* TargetType.swift in Sources */,
				367FB0022CC51F1C006EF090 /* SearchArtistsUseCase.swift in Sources */,
				367FAFFB2CC4EF4D006EF090 /* ArtistDataStore.swift in Sources */,
			);
			runOnlyForDeploymentPostprocessing = 0;
		};
		367FAFA22CC2C135006EF090 /* Sources */ = {
			isa = PBXSourcesBuildPhase;
			buildActionMask = 2147483647;
			files = (
				367FAFF12CC3F0AD006EF090 /* MockTarget.swift in Sources */,
				367FAFEC2CC3EFCA006EF090 /* ArtistRepositoryImplTests.swift in Sources */,
				367FAFAB2CC2C135006EF090 /* ArtistsTechnicalTestTests.swift in Sources */,
				367FAFCD2CC2C93C006EF090 /* ServiceImplTests.swift in Sources */,
				367FAFEF2CC3F039006EF090 /* MockURLProtocol.swift in Sources */,
				367FB0002CC4F0A7006EF090 /* ArtistDataStoreImplTests.swift in Sources */,
				367FAFF32CC3F0EC006EF090 /* MockDecodableType.swift in Sources */,
			);
			runOnlyForDeploymentPostprocessing = 0;
		};
		367FAFAC2CC2C135006EF090 /* Sources */ = {
			isa = PBXSourcesBuildPhase;
			buildActionMask = 2147483647;
			files = (
				367FAFB52CC2C135006EF090 /* ArtistsTechnicalTestUITests.swift in Sources */,
				367FAFB72CC2C135006EF090 /* ArtistsTechnicalTestUITestsLaunchTests.swift in Sources */,
			);
			runOnlyForDeploymentPostprocessing = 0;
		};
/* End PBXSourcesBuildPhase section */

/* Begin PBXTargetDependency section */
		367FAFA82CC2C135006EF090 /* PBXTargetDependency */ = {
			isa = PBXTargetDependency;
			target = 367FAF8F2CC2C134006EF090 /* ArtistsTechnicalTest */;
			targetProxy = 367FAFA72CC2C135006EF090 /* PBXContainerItemProxy */;
		};
		367FAFB22CC2C135006EF090 /* PBXTargetDependency */ = {
			isa = PBXTargetDependency;
			target = 367FAF8F2CC2C134006EF090 /* ArtistsTechnicalTest */;
			targetProxy = 367FAFB12CC2C135006EF090 /* PBXContainerItemProxy */;
		};
/* End PBXTargetDependency section */

/* Begin PBXVariantGroup section */
		367FAF9E2CC2C135006EF090 /* LaunchScreen.storyboard */ = {
			isa = PBXVariantGroup;
			children = (
				367FAF9F2CC2C135006EF090 /* Base */,
			);
			name = LaunchScreen.storyboard;
			sourceTree = "<group>";
		};
/* End PBXVariantGroup section */

/* Begin XCBuildConfiguration section */
		367FAFB82CC2C135006EF090 /* Debug */ = {
			isa = XCBuildConfiguration;
			buildSettings = {
				ALWAYS_SEARCH_USER_PATHS = NO;
				ASSETCATALOG_COMPILER_GENERATE_SWIFT_ASSET_SYMBOL_EXTENSIONS = YES;
				CLANG_ANALYZER_NONNULL = YES;
				CLANG_ANALYZER_NUMBER_OBJECT_CONVERSION = YES_AGGRESSIVE;
				CLANG_CXX_LANGUAGE_STANDARD = "gnu++20";
				CLANG_ENABLE_MODULES = YES;
				CLANG_ENABLE_OBJC_ARC = YES;
				CLANG_ENABLE_OBJC_WEAK = YES;
				CLANG_WARN_BLOCK_CAPTURE_AUTORELEASING = YES;
				CLANG_WARN_BOOL_CONVERSION = YES;
				CLANG_WARN_COMMA = YES;
				CLANG_WARN_CONSTANT_CONVERSION = YES;
				CLANG_WARN_DEPRECATED_OBJC_IMPLEMENTATIONS = YES;
				CLANG_WARN_DIRECT_OBJC_ISA_USAGE = YES_ERROR;
				CLANG_WARN_DOCUMENTATION_COMMENTS = YES;
				CLANG_WARN_EMPTY_BODY = YES;
				CLANG_WARN_ENUM_CONVERSION = YES;
				CLANG_WARN_INFINITE_RECURSION = YES;
				CLANG_WARN_INT_CONVERSION = YES;
				CLANG_WARN_NON_LITERAL_NULL_CONVERSION = YES;
				CLANG_WARN_OBJC_IMPLICIT_RETAIN_SELF = YES;
				CLANG_WARN_OBJC_LITERAL_CONVERSION = YES;
				CLANG_WARN_OBJC_ROOT_CLASS = YES_ERROR;
				CLANG_WARN_QUOTED_INCLUDE_IN_FRAMEWORK_HEADER = YES;
				CLANG_WARN_RANGE_LOOP_ANALYSIS = YES;
				CLANG_WARN_STRICT_PROTOTYPES = YES;
				CLANG_WARN_SUSPICIOUS_MOVE = YES;
				CLANG_WARN_UNGUARDED_AVAILABILITY = YES_AGGRESSIVE;
				CLANG_WARN_UNREACHABLE_CODE = YES;
				CLANG_WARN__DUPLICATE_METHOD_MATCH = YES;
				COPY_PHASE_STRIP = NO;
				DEBUG_INFORMATION_FORMAT = dwarf;
				ENABLE_STRICT_OBJC_MSGSEND = YES;
				ENABLE_TESTABILITY = YES;
				ENABLE_USER_SCRIPT_SANDBOXING = YES;
				GCC_C_LANGUAGE_STANDARD = gnu17;
				GCC_DYNAMIC_NO_PIC = NO;
				GCC_NO_COMMON_BLOCKS = YES;
				GCC_OPTIMIZATION_LEVEL = 0;
				GCC_PREPROCESSOR_DEFINITIONS = (
					"DEBUG=1",
					"$(inherited)",
				);
				GCC_WARN_64_TO_32_BIT_CONVERSION = YES;
				GCC_WARN_ABOUT_RETURN_TYPE = YES_ERROR;
				GCC_WARN_UNDECLARED_SELECTOR = YES;
				GCC_WARN_UNINITIALIZED_AUTOS = YES_AGGRESSIVE;
				GCC_WARN_UNUSED_FUNCTION = YES;
				GCC_WARN_UNUSED_VARIABLE = YES;
				IPHONEOS_DEPLOYMENT_TARGET = 17.0;
				LOCALIZATION_PREFERS_STRING_CATALOGS = YES;
				MTL_ENABLE_DEBUG_INFO = INCLUDE_SOURCE;
				MTL_FAST_MATH = YES;
				ONLY_ACTIVE_ARCH = YES;
				SDKROOT = iphoneos;
				SWIFT_ACTIVE_COMPILATION_CONDITIONS = "DEBUG $(inherited)";
				SWIFT_OPTIMIZATION_LEVEL = "-Onone";
			};
			name = Debug;
		};
		367FAFB92CC2C135006EF090 /* Release */ = {
			isa = XCBuildConfiguration;
			buildSettings = {
				ALWAYS_SEARCH_USER_PATHS = NO;
				ASSETCATALOG_COMPILER_GENERATE_SWIFT_ASSET_SYMBOL_EXTENSIONS = YES;
				CLANG_ANALYZER_NONNULL = YES;
				CLANG_ANALYZER_NUMBER_OBJECT_CONVERSION = YES_AGGRESSIVE;
				CLANG_CXX_LANGUAGE_STANDARD = "gnu++20";
				CLANG_ENABLE_MODULES = YES;
				CLANG_ENABLE_OBJC_ARC = YES;
				CLANG_ENABLE_OBJC_WEAK = YES;
				CLANG_WARN_BLOCK_CAPTURE_AUTORELEASING = YES;
				CLANG_WARN_BOOL_CONVERSION = YES;
				CLANG_WARN_COMMA = YES;
				CLANG_WARN_CONSTANT_CONVERSION = YES;
				CLANG_WARN_DEPRECATED_OBJC_IMPLEMENTATIONS = YES;
				CLANG_WARN_DIRECT_OBJC_ISA_USAGE = YES_ERROR;
				CLANG_WARN_DOCUMENTATION_COMMENTS = YES;
				CLANG_WARN_EMPTY_BODY = YES;
				CLANG_WARN_ENUM_CONVERSION = YES;
				CLANG_WARN_INFINITE_RECURSION = YES;
				CLANG_WARN_INT_CONVERSION = YES;
				CLANG_WARN_NON_LITERAL_NULL_CONVERSION = YES;
				CLANG_WARN_OBJC_IMPLICIT_RETAIN_SELF = YES;
				CLANG_WARN_OBJC_LITERAL_CONVERSION = YES;
				CLANG_WARN_OBJC_ROOT_CLASS = YES_ERROR;
				CLANG_WARN_QUOTED_INCLUDE_IN_FRAMEWORK_HEADER = YES;
				CLANG_WARN_RANGE_LOOP_ANALYSIS = YES;
				CLANG_WARN_STRICT_PROTOTYPES = YES;
				CLANG_WARN_SUSPICIOUS_MOVE = YES;
				CLANG_WARN_UNGUARDED_AVAILABILITY = YES_AGGRESSIVE;
				CLANG_WARN_UNREACHABLE_CODE = YES;
				CLANG_WARN__DUPLICATE_METHOD_MATCH = YES;
				COPY_PHASE_STRIP = NO;
				DEBUG_INFORMATION_FORMAT = "dwarf-with-dsym";
				ENABLE_NS_ASSERTIONS = NO;
				ENABLE_STRICT_OBJC_MSGSEND = YES;
				ENABLE_USER_SCRIPT_SANDBOXING = YES;
				GCC_C_LANGUAGE_STANDARD = gnu17;
				GCC_NO_COMMON_BLOCKS = YES;
				GCC_WARN_64_TO_32_BIT_CONVERSION = YES;
				GCC_WARN_ABOUT_RETURN_TYPE = YES_ERROR;
				GCC_WARN_UNDECLARED_SELECTOR = YES;
				GCC_WARN_UNINITIALIZED_AUTOS = YES_AGGRESSIVE;
				GCC_WARN_UNUSED_FUNCTION = YES;
				GCC_WARN_UNUSED_VARIABLE = YES;
				IPHONEOS_DEPLOYMENT_TARGET = 17.0;
				LOCALIZATION_PREFERS_STRING_CATALOGS = YES;
				MTL_ENABLE_DEBUG_INFO = NO;
				MTL_FAST_MATH = YES;
				SDKROOT = iphoneos;
				SWIFT_COMPILATION_MODE = wholemodule;
				VALIDATE_PRODUCT = YES;
			};
			name = Release;
		};
		367FAFBB2CC2C135006EF090 /* Debug */ = {
			isa = XCBuildConfiguration;
			buildSettings = {
				ASSETCATALOG_COMPILER_APPICON_NAME = AppIcon;
				ASSETCATALOG_COMPILER_GLOBAL_ACCENT_COLOR_NAME = AccentColor;
				CODE_SIGN_STYLE = Automatic;
				CURRENT_PROJECT_VERSION = 1;
				DEVELOPMENT_TEAM = AVX2G28UM6;
				GENERATE_INFOPLIST_FILE = YES;
				INFOPLIST_FILE = ArtistsTechnicalTest/Info.plist;
				INFOPLIST_KEY_UIApplicationSupportsIndirectInputEvents = YES;
				INFOPLIST_KEY_UILaunchStoryboardName = LaunchScreen;
				INFOPLIST_KEY_UISupportedInterfaceOrientations_iPad = "UIInterfaceOrientationPortrait UIInterfaceOrientationPortraitUpsideDown UIInterfaceOrientationLandscapeLeft UIInterfaceOrientationLandscapeRight";
				INFOPLIST_KEY_UISupportedInterfaceOrientations_iPhone = "UIInterfaceOrientationPortrait UIInterfaceOrientationLandscapeLeft UIInterfaceOrientationLandscapeRight";
				LD_RUNPATH_SEARCH_PATHS = (
					"$(inherited)",
					"@executable_path/Frameworks",
				);
				MARKETING_VERSION = 1.0;
				PRODUCT_BUNDLE_IDENTIFIER = info.jevent.near.me.ios.ArtistsTechnicalTest;
				PRODUCT_NAME = "$(TARGET_NAME)";
				SWIFT_EMIT_LOC_STRINGS = YES;
				SWIFT_VERSION = 5.0;
				TARGETED_DEVICE_FAMILY = "1,2";
			};
			name = Debug;
		};
		367FAFBC2CC2C135006EF090 /* Release */ = {
			isa = XCBuildConfiguration;
			buildSettings = {
				ASSETCATALOG_COMPILER_APPICON_NAME = AppIcon;
				ASSETCATALOG_COMPILER_GLOBAL_ACCENT_COLOR_NAME = AccentColor;
				CODE_SIGN_STYLE = Automatic;
				CURRENT_PROJECT_VERSION = 1;
				DEVELOPMENT_TEAM = AVX2G28UM6;
				GENERATE_INFOPLIST_FILE = YES;
				INFOPLIST_FILE = ArtistsTechnicalTest/Info.plist;
				INFOPLIST_KEY_UIApplicationSupportsIndirectInputEvents = YES;
				INFOPLIST_KEY_UILaunchStoryboardName = LaunchScreen;
				INFOPLIST_KEY_UISupportedInterfaceOrientations_iPad = "UIInterfaceOrientationPortrait UIInterfaceOrientationPortraitUpsideDown UIInterfaceOrientationLandscapeLeft UIInterfaceOrientationLandscapeRight";
				INFOPLIST_KEY_UISupportedInterfaceOrientations_iPhone = "UIInterfaceOrientationPortrait UIInterfaceOrientationLandscapeLeft UIInterfaceOrientationLandscapeRight";
				LD_RUNPATH_SEARCH_PATHS = (
					"$(inherited)",
					"@executable_path/Frameworks",
				);
				MARKETING_VERSION = 1.0;
				PRODUCT_BUNDLE_IDENTIFIER = info.jevent.near.me.ios.ArtistsTechnicalTest;
				PRODUCT_NAME = "$(TARGET_NAME)";
				SWIFT_EMIT_LOC_STRINGS = YES;
				SWIFT_VERSION = 5.0;
				TARGETED_DEVICE_FAMILY = "1,2";
			};
			name = Release;
		};
		367FAFBE2CC2C135006EF090 /* Debug */ = {
			isa = XCBuildConfiguration;
			buildSettings = {
				ALWAYS_EMBED_SWIFT_STANDARD_LIBRARIES = YES;
				BUNDLE_LOADER = "$(TEST_HOST)";
				CODE_SIGN_STYLE = Automatic;
				CURRENT_PROJECT_VERSION = 1;
				DEVELOPMENT_TEAM = AVX2G28UM6;
				GENERATE_INFOPLIST_FILE = YES;
				IPHONEOS_DEPLOYMENT_TARGET = 17.5;
				MARKETING_VERSION = 1.0;
				PRODUCT_BUNDLE_IDENTIFIER = info.jevent.near.me.ios.ArtistsTechnicalTestTests;
				PRODUCT_NAME = "$(TARGET_NAME)";
				SWIFT_EMIT_LOC_STRINGS = NO;
				SWIFT_VERSION = 5.0;
				TARGETED_DEVICE_FAMILY = "1,2";
				TEST_HOST = "$(BUILT_PRODUCTS_DIR)/ArtistsTechnicalTest.app/$(BUNDLE_EXECUTABLE_FOLDER_PATH)/ArtistsTechnicalTest";
			};
			name = Debug;
		};
		367FAFBF2CC2C135006EF090 /* Release */ = {
			isa = XCBuildConfiguration;
			buildSettings = {
				ALWAYS_EMBED_SWIFT_STANDARD_LIBRARIES = YES;
				BUNDLE_LOADER = "$(TEST_HOST)";
				CODE_SIGN_STYLE = Automatic;
				CURRENT_PROJECT_VERSION = 1;
				DEVELOPMENT_TEAM = AVX2G28UM6;
				GENERATE_INFOPLIST_FILE = YES;
				IPHONEOS_DEPLOYMENT_TARGET = 17.5;
				MARKETING_VERSION = 1.0;
				PRODUCT_BUNDLE_IDENTIFIER = info.jevent.near.me.ios.ArtistsTechnicalTestTests;
				PRODUCT_NAME = "$(TARGET_NAME)";
				SWIFT_EMIT_LOC_STRINGS = NO;
				SWIFT_VERSION = 5.0;
				TARGETED_DEVICE_FAMILY = "1,2";
				TEST_HOST = "$(BUILT_PRODUCTS_DIR)/ArtistsTechnicalTest.app/$(BUNDLE_EXECUTABLE_FOLDER_PATH)/ArtistsTechnicalTest";
			};
			name = Release;
		};
		367FAFC12CC2C135006EF090 /* Debug */ = {
			isa = XCBuildConfiguration;
			buildSettings = {
				ALWAYS_EMBED_SWIFT_STANDARD_LIBRARIES = YES;
				CODE_SIGN_STYLE = Automatic;
				CURRENT_PROJECT_VERSION = 1;
				DEVELOPMENT_TEAM = AVX2G28UM6;
				GENERATE_INFOPLIST_FILE = YES;
				MARKETING_VERSION = 1.0;
				PRODUCT_BUNDLE_IDENTIFIER = info.jevent.near.me.ios.ArtistsTechnicalTestUITests;
				PRODUCT_NAME = "$(TARGET_NAME)";
				SWIFT_EMIT_LOC_STRINGS = NO;
				SWIFT_VERSION = 5.0;
				TARGETED_DEVICE_FAMILY = "1,2";
				TEST_TARGET_NAME = ArtistsTechnicalTest;
			};
			name = Debug;
		};
		367FAFC22CC2C135006EF090 /* Release */ = {
			isa = XCBuildConfiguration;
			buildSettings = {
				ALWAYS_EMBED_SWIFT_STANDARD_LIBRARIES = YES;
				CODE_SIGN_STYLE = Automatic;
				CURRENT_PROJECT_VERSION = 1;
				DEVELOPMENT_TEAM = AVX2G28UM6;
				GENERATE_INFOPLIST_FILE = YES;
				MARKETING_VERSION = 1.0;
				PRODUCT_BUNDLE_IDENTIFIER = info.jevent.near.me.ios.ArtistsTechnicalTestUITests;
				PRODUCT_NAME = "$(TARGET_NAME)";
				SWIFT_EMIT_LOC_STRINGS = NO;
				SWIFT_VERSION = 5.0;
				TARGETED_DEVICE_FAMILY = "1,2";
				TEST_TARGET_NAME = ArtistsTechnicalTest;
			};
			name = Release;
		};
/* End XCBuildConfiguration section */

/* Begin XCConfigurationList section */
		367FAF8B2CC2C134006EF090 /* Build configuration list for PBXProject "ArtistsTechnicalTest" */ = {
			isa = XCConfigurationList;
			buildConfigurations = (
				367FAFB82CC2C135006EF090 /* Debug */,
				367FAFB92CC2C135006EF090 /* Release */,
			);
			defaultConfigurationIsVisible = 0;
			defaultConfigurationName = Release;
		};
		367FAFBA2CC2C135006EF090 /* Build configuration list for PBXNativeTarget "ArtistsTechnicalTest" */ = {
			isa = XCConfigurationList;
			buildConfigurations = (
				367FAFBB2CC2C135006EF090 /* Debug */,
				367FAFBC2CC2C135006EF090 /* Release */,
			);
			defaultConfigurationIsVisible = 0;
			defaultConfigurationName = Release;
		};
		367FAFBD2CC2C135006EF090 /* Build configuration list for PBXNativeTarget "ArtistsTechnicalTestTests" */ = {
			isa = XCConfigurationList;
			buildConfigurations = (
				367FAFBE2CC2C135006EF090 /* Debug */,
				367FAFBF2CC2C135006EF090 /* Release */,
			);
			defaultConfigurationIsVisible = 0;
			defaultConfigurationName = Release;
		};
		367FAFC02CC2C135006EF090 /* Build configuration list for PBXNativeTarget "ArtistsTechnicalTestUITests" */ = {
			isa = XCConfigurationList;
			buildConfigurations = (
				367FAFC12CC2C135006EF090 /* Debug */,
				367FAFC22CC2C135006EF090 /* Release */,
			);
			defaultConfigurationIsVisible = 0;
			defaultConfigurationName = Release;
		};
/* End XCConfigurationList section */
	};
	rootObject = 367FAF882CC2C134006EF090 /* Project object */;
}
